{
  "name": "threagile-builder",
  "lockfileVersion": 3,
  "requires": true,
  "packages": {
    "": {
      "dependencies": {
        "simple-datatables": "^9.2.1"
      }
    },
    "node_modules/dayjs": {
      "version": "1.11.13",
      "resolved": "https://registry.npmjs.org/dayjs/-/dayjs-1.11.13.tgz",
      "integrity": "sha512-oaMBel6gjolK862uaPQOVTA7q3TZhuSvuMQAAglQDOWYO9A91IrAOUJEyKVlqJlHE0vq5p5UXxzdPfMH/x6xNg==",
      "license": "MIT"
    },
    "node_modules/diff-dom": {
      "version": "5.1.4",
      "resolved": "https://registry.npmjs.org/diff-dom/-/diff-dom-5.1.4.tgz",
      "integrity": "sha512-TSEaVdVGictY1KHg7VpVw2nuM02YKC9C8/qBkGiCnkiAybVbu1zQTMj2/dnVLRO7Z62UsqzHGpXweiOj5/jaZg==",
      "license": "LGPL-3.0"
    },
    "node_modules/simple-datatables": {
      "version": "9.2.1",
      "resolved": "https://registry.npmjs.org/simple-datatables/-/simple-datatables-9.2.1.tgz",
      "integrity": "sha512-R+KRyZ4GNQdqj5IoW08OYi9FHqCbndbw+MfdOJDnwOGs6me9+BhbNuj2QHZR/GXQ04TLra43Uj2/Lk1KcLiJRw==",
      "license": "LGPL-3.0",
      "dependencies": {
        "dayjs": "^1.11.10",
        "diff-dom": "^5.1.3"
      }
    }
  }
}
